
Microsoft Visual Studio Solution File, Format Version 12.00
# Visual Studio Version 16
VisualStudioVersion = 16.0.31205.134
MinimumVisualStudioVersion = 10.0.40219.1
Project("{FAE04EC0-301F-11D3-BF4B-00C04F79EFBC}") = "AspNetIdentity", "AspNetIdentity.csproj", "{E54738BC-98D7-4256-83E2-02650EA766E7}"
EndProject
Global
	GlobalSection(SolutionConfigurationPlatforms) = preSolution
		Debug|Any CPU = Debug|Any CPU
		Release|Any CPU = Release|Any CPU
	EndGlobalSection
	GlobalSection(ProjectConfigurationPlatforms) = postSolution
		{E54738BC-98D7-4256-83E2-02650EA766E7}.Debug|Any CPU.ActiveCfg = Debug|Any CPU
		{E54738BC-98D7-4256-83E2-02650EA766E7}.Debug|Any CPU.Build.0 = Debug|Any CPU
		{E54738BC-98D7-4256-83E2-02650EA766E7}.Release|Any CPU.ActiveCfg = Release|Any CPU
		{E54738BC-98D7-4256-83E2-02650EA766E7}.Release|Any CPU.Build.0 = Release|Any CPU
	EndGlobalSection
	GlobalSection(SolutionProperties) = preSolution
		HideSolutionNode = FALSE
	EndGlobalSection
	GlobalSection(ExtensibilityGlobals) = postSolution
		SolutionGuid = {AC38CB17-38AA-482E-8D51-97CDE52D872E}
	EndGlobalSection
EndGlobal
